<Solution>
  <Folder Name="/src/">
    <File Path="Directory.Packages.props" />
    <Project Path="src/Fruits.Api/Fruits.Api.csproj" />
    <Project Path="src/Fruits.Common/Fruits.Common.csproj" />
    <Project Path="src/Fruits.Domain/Fruits.Domain.csproj" />
    <Project Path="src/Fruits.Infrastructure/Fruits.Infrastructure.csproj" />
  </Folder>
  <Folder Name="/tests/" />
</Solution>
