
Microsoft Visual Studio Solution File, Format Version 12.00
# Visual Studio Version 17
VisualStudioVersion = 17.0.31903.59
MinimumVisualStudioVersion = 10.0.40219.1
Project("{2150E333-8FDC-42A3-9474-1A3956D46DE8}") = "src", "src", "{7FE82AB7-5267-4D5F-A6FF-B8FA085F5D4A}"
EndProject
Project("{2150E333-8FDC-42A3-9474-1A3956D46DE8}") = "Fruits", "Fruits", "{F1E731B6-2AA1-4603-9188-973A164D6C83}"
EndProject
Project("{FAE04EC0-301F-11D3-BF4B-00C04F79EFBC}") = "Fruits.Api", "src\Fruits\Fruits.Api\Fruits.Api.csproj", "{4567F712-500E-4FF1-A278-BFDB8122DE1E}"
EndProject
Project("{FAE04EC0-301F-11D3-BF4B-00C04F79EFBC}") = "Fruits.Application", "src\Fruits\Fruits.Application\Fruits.Application.csproj", "{1AE11017-7E1F-4007-9881-DA3BEF8778BE}"
EndProject
Project("{FAE04EC0-301F-11D3-BF4B-00C04F79EFBC}") = "Fruits.Domain", "src\Fruits\Fruits.Domain\Fruits.Domain.csproj", "{F149E398-05A0-4945-B05B-8B26801F35FA}"
EndProject
Project("{FAE04EC0-301F-11D3-BF4B-00C04F79EFBC}") = "Fruits.Infra", "src\Fruits\Fruits.Infra\Fruits.Infra.csproj", "{1D2FD617-0C84-4FA4-BD12-E0E68B5E0BA8}"
EndProject
Project("{2150E333-8FDC-42A3-9474-1A3956D46DE8}") = "FruitsProducer", "FruitsProducer", "{A965C5E0-8776-4820-B57B-69B6BDE7B463}"
EndProject
Project("{FAE04EC0-301F-11D3-BF4B-00C04F79EFBC}") = "FruitsProducer.Api", "src\FruitsProducer\FruitsProducer.Api\FruitsProducer.Api.csproj", "{D15D1580-B72E-4D78-B684-724A48698C55}"
EndProject
Project("{2150E333-8FDC-42A3-9474-1A3956D46DE8}") = "tests", "tests", "{A2435C0F-6A73-47E9-A3FA-DB2ADF574990}"
EndProject
Project("{2150E333-8FDC-42A3-9474-1A3956D46DE8}") = "Fruits", "Fruits", "{E347151B-797D-4DEA-8FC8-50B6D8B79CD8}"
EndProject
Project("{FAE04EC0-301F-11D3-BF4B-00C04F79EFBC}") = "Fruits.Domain.UnitTests", "tests\Fruits\Fruits.Domain.UnitTests\Fruits.Domain.UnitTests.csproj", "{8DFBCCBD-CB6C-4D8C-8760-EB171B2C34F9}"
EndProject
Global
	GlobalSection(SolutionConfigurationPlatforms) = preSolution
		Debug|Any CPU = Debug|Any CPU
		Release|Any CPU = Release|Any CPU
	EndGlobalSection
	GlobalSection(SolutionProperties) = preSolution
		HideSolutionNode = FALSE
	EndGlobalSection
	GlobalSection(ProjectConfigurationPlatforms) = postSolution
		{4567F712-500E-4FF1-A278-BFDB8122DE1E}.Debug|Any CPU.ActiveCfg = Debug|Any CPU
		{4567F712-500E-4FF1-A278-BFDB8122DE1E}.Debug|Any CPU.Build.0 = Debug|Any CPU
		{4567F712-500E-4FF1-A278-BFDB8122DE1E}.Release|Any CPU.ActiveCfg = Release|Any CPU
		{4567F712-500E-4FF1-A278-BFDB8122DE1E}.Release|Any CPU.Build.0 = Release|Any CPU
		{1AE11017-7E1F-4007-9881-DA3BEF8778BE}.Debug|Any CPU.ActiveCfg = Debug|Any CPU
		{1AE11017-7E1F-4007-9881-DA3BEF8778BE}.Debug|Any CPU.Build.0 = Debug|Any CPU
		{1AE11017-7E1F-4007-9881-DA3BEF8778BE}.Release|Any CPU.ActiveCfg = Release|Any CPU
		{1AE11017-7E1F-4007-9881-DA3BEF8778BE}.Release|Any CPU.Build.0 = Release|Any CPU
		{F149E398-05A0-4945-B05B-8B26801F35FA}.Debug|Any CPU.ActiveCfg = Debug|Any CPU
		{F149E398-05A0-4945-B05B-8B26801F35FA}.Debug|Any CPU.Build.0 = Debug|Any CPU
		{F149E398-05A0-4945-B05B-8B26801F35FA}.Release|Any CPU.ActiveCfg = Release|Any CPU
		{F149E398-05A0-4945-B05B-8B26801F35FA}.Release|Any CPU.Build.0 = Release|Any CPU
		{1D2FD617-0C84-4FA4-BD12-E0E68B5E0BA8}.Debug|Any CPU.ActiveCfg = Debug|Any CPU
		{1D2FD617-0C84-4FA4-BD12-E0E68B5E0BA8}.Debug|Any CPU.Build.0 = Debug|Any CPU
		{1D2FD617-0C84-4FA4-BD12-E0E68B5E0BA8}.Release|Any CPU.ActiveCfg = Release|Any CPU
		{1D2FD617-0C84-4FA4-BD12-E0E68B5E0BA8}.Release|Any CPU.Build.0 = Release|Any CPU
		{D15D1580-B72E-4D78-B684-724A48698C55}.Debug|Any CPU.ActiveCfg = Debug|Any CPU
		{D15D1580-B72E-4D78-B684-724A48698C55}.Debug|Any CPU.Build.0 = Debug|Any CPU
		{D15D1580-B72E-4D78-B684-724A48698C55}.Release|Any CPU.ActiveCfg = Release|Any CPU
		{D15D1580-B72E-4D78-B684-724A48698C55}.Release|Any CPU.Build.0 = Release|Any CPU
		{8DFBCCBD-CB6C-4D8C-8760-EB171B2C34F9}.Debug|Any CPU.ActiveCfg = Debug|Any CPU
		{8DFBCCBD-CB6C-4D8C-8760-EB171B2C34F9}.Debug|Any CPU.Build.0 = Debug|Any CPU
		{8DFBCCBD-CB6C-4D8C-8760-EB171B2C34F9}.Release|Any CPU.ActiveCfg = Release|Any CPU
		{8DFBCCBD-CB6C-4D8C-8760-EB171B2C34F9}.Release|Any CPU.Build.0 = Release|Any CPU
	EndGlobalSection
	GlobalSection(NestedProjects) = preSolution
		{F1E731B6-2AA1-4603-9188-973A164D6C83} = {7FE82AB7-5267-4D5F-A6FF-B8FA085F5D4A}
		{4567F712-500E-4FF1-A278-BFDB8122DE1E} = {F1E731B6-2AA1-4603-9188-973A164D6C83}
		{1AE11017-7E1F-4007-9881-DA3BEF8778BE} = {F1E731B6-2AA1-4603-9188-973A164D6C83}
		{F149E398-05A0-4945-B05B-8B26801F35FA} = {F1E731B6-2AA1-4603-9188-973A164D6C83}
		{1D2FD617-0C84-4FA4-BD12-E0E68B5E0BA8} = {F1E731B6-2AA1-4603-9188-973A164D6C83}
		{A965C5E0-8776-4820-B57B-69B6BDE7B463} = {7FE82AB7-5267-4D5F-A6FF-B8FA085F5D4A}
		{D15D1580-B72E-4D78-B684-724A48698C55} = {A965C5E0-8776-4820-B57B-69B6BDE7B463}
		{E347151B-797D-4DEA-8FC8-50B6D8B79CD8} = {A2435C0F-6A73-47E9-A3FA-DB2ADF574990}
		{8DFBCCBD-CB6C-4D8C-8760-EB171B2C34F9} = {E347151B-797D-4DEA-8FC8-50B6D8B79CD8}
	EndGlobalSection
EndGlobal
